
Microsoft Visual Studio Solution File, Format Version 12.00
# Visual Studio Version 16
VisualStudioVersion = 16.0.31624.102
MinimumVisualStudioVersion = 10.0.40219.1
Project("{FAE04EC0-301F-11D3-BF4B-00C04F79EFBC}") = "OpenWeatherMapsClassLibrary", "OpenWeatherMapsClassLibrary.csproj", "{AEBE409F-FBCF-4100-9BF8-903567FBAAA5}"
EndProject
Project("{FAE04EC0-301F-11D3-BF4B-00C04F79EFBC}") = "OpenWeatherMapsClient", "..\OpenWeatherMapsClient\OpenWeatherMapsClient.csproj", "{472B41C6-1138-4BC3-8D6B-8C35F7335BAB}"
EndProject
Global
	GlobalSection(SolutionConfigurationPlatforms) = preSolution
		Debug|Any CPU = Debug|Any CPU
		Release|Any CPU = Release|Any CPU
	EndGlobalSection
	GlobalSection(ProjectConfigurationPlatforms) = postSolution
		{AEBE409F-FBCF-4100-9BF8-903567FBAAA5}.Debug|Any CPU.ActiveCfg = Debug|Any CPU
		{AEBE409F-FBCF-4100-9BF8-903567FBAAA5}.Debug|Any CPU.Build.0 = Debug|Any CPU
		{AEBE409F-FBCF-4100-9BF8-903567FBAAA5}.Release|Any CPU.ActiveCfg = Release|Any CPU
		{AEBE409F-FBCF-4100-9BF8-903567FBAAA5}.Release|Any CPU.Build.0 = Release|Any CPU
		{472B41C6-1138-4BC3-8D6B-8C35F7335BAB}.Debug|Any CPU.ActiveCfg = Debug|Any CPU
		{472B41C6-1138-4BC3-8D6B-8C35F7335BAB}.Debug|Any CPU.Build.0 = Debug|Any CPU
		{472B41C6-1138-4BC3-8D6B-8C35F7335BAB}.Release|Any CPU.ActiveCfg = Release|Any CPU
		{472B41C6-1138-4BC3-8D6B-8C35F7335BAB}.Release|Any CPU.Build.0 = Release|Any CPU
	EndGlobalSection
	GlobalSection(SolutionProperties) = preSolution
		HideSolutionNode = FALSE
	EndGlobalSection
	GlobalSection(ExtensibilityGlobals) = postSolution
		SolutionGuid = {E9EAEF92-CC4E-4680-9284-2B045EE3D2F6}
	EndGlobalSection
EndGlobal
